
Microsoft Visual Studio Solution File, Format Version 12.00
# Visual Studio Version 16
VisualStudioVersion = 16.0.31025.194
MinimumVisualStudioVersion = 10.0.40219.1
Project("{FAE04EC0-301F-11D3-BF4B-00C04F79EFBC}") = "Domain", "Domain\Domain.csproj", "{DC2FC6EF-F322-4F35-9742-2591634D8834}"
EndProject
Project("{FAE04EC0-301F-11D3-BF4B-00C04F79EFBC}") = "Service", "Service\Service.csproj", "{0770A87D-0419-426D-9854-245B3E2B0F4C}"
EndProject
Project("{FAE04EC0-301F-11D3-BF4B-00C04F79EFBC}") = "Server", "Server\Server.csproj", "{E7616419-627C-4066-8492-E44E44540A0B}"
EndProject
Project("{FAE04EC0-301F-11D3-BF4B-00C04F79EFBC}") = "Repository", "Repository\Repository.csproj", "{67B90058-7D17-4C4E-B612-2250697CFA9B}"
EndProject
Project("{FAE04EC0-301F-11D3-BF4B-00C04F79EFBC}") = "Network", "Network\Network.csproj", "{A5C04EA8-DB47-4914-A6D5-8C74B916021E}"
EndProject
Project("{FAE04EC0-301F-11D3-BF4B-00C04F79EFBC}") = "ClientN", "ClientN\ClientN.csproj", "{5C19AA41-1834-43A5-BDFD-033DD70D005D}"
EndProject
Project("{FAE04EC0-301F-11D3-BF4B-00C04F79EFBC}") = "protobuf", "protobuf\protobuf.csproj", "{5202CA36-74CE-4DE4-B2E9-6B1E9AA73BF8}"
EndProject
Project("{2150E333-8FDC-42A3-9474-1A3956D46DE8}") = "proto", "proto", "{103805BF-53FE-4B72-A236-DFCA36526B6B}"
EndProject
Project("{2150E333-8FDC-42A3-9474-1A3956D46DE8}") = "cSharpFiles", "cSharpFiles", "{33A64838-A235-49B1-A6FA-83FADA7560C8}"
	ProjectSection(SolutionItems) = preProject
		proto\csharpFiles\ChatProtocolV3.cs = proto\csharpFiles\ChatProtocolV3.cs
	EndProjectSection
EndProject
Global
	GlobalSection(SolutionConfigurationPlatforms) = preSolution
		Debug|Any CPU = Debug|Any CPU
		Release|Any CPU = Release|Any CPU
	EndGlobalSection
	GlobalSection(ProjectConfigurationPlatforms) = postSolution
		{DC2FC6EF-F322-4F35-9742-2591634D8834}.Debug|Any CPU.ActiveCfg = Debug|Any CPU
		{DC2FC6EF-F322-4F35-9742-2591634D8834}.Debug|Any CPU.Build.0 = Debug|Any CPU
		{DC2FC6EF-F322-4F35-9742-2591634D8834}.Release|Any CPU.ActiveCfg = Release|Any CPU
		{DC2FC6EF-F322-4F35-9742-2591634D8834}.Release|Any CPU.Build.0 = Release|Any CPU
		{0770A87D-0419-426D-9854-245B3E2B0F4C}.Debug|Any CPU.ActiveCfg = Debug|Any CPU
		{0770A87D-0419-426D-9854-245B3E2B0F4C}.Debug|Any CPU.Build.0 = Debug|Any CPU
		{0770A87D-0419-426D-9854-245B3E2B0F4C}.Release|Any CPU.ActiveCfg = Release|Any CPU
		{0770A87D-0419-426D-9854-245B3E2B0F4C}.Release|Any CPU.Build.0 = Release|Any CPU
		{E7616419-627C-4066-8492-E44E44540A0B}.Debug|Any CPU.ActiveCfg = Debug|Any CPU
		{E7616419-627C-4066-8492-E44E44540A0B}.Debug|Any CPU.Build.0 = Debug|Any CPU
		{E7616419-627C-4066-8492-E44E44540A0B}.Release|Any CPU.ActiveCfg = Release|Any CPU
		{E7616419-627C-4066-8492-E44E44540A0B}.Release|Any CPU.Build.0 = Release|Any CPU
		{67B90058-7D17-4C4E-B612-2250697CFA9B}.Debug|Any CPU.ActiveCfg = Debug|Any CPU
		{67B90058-7D17-4C4E-B612-2250697CFA9B}.Debug|Any CPU.Build.0 = Debug|Any CPU
		{67B90058-7D17-4C4E-B612-2250697CFA9B}.Release|Any CPU.ActiveCfg = Release|Any CPU
		{67B90058-7D17-4C4E-B612-2250697CFA9B}.Release|Any CPU.Build.0 = Release|Any CPU
		{A5C04EA8-DB47-4914-A6D5-8C74B916021E}.Debug|Any CPU.ActiveCfg = Debug|Any CPU
		{A5C04EA8-DB47-4914-A6D5-8C74B916021E}.Debug|Any CPU.Build.0 = Debug|Any CPU
		{A5C04EA8-DB47-4914-A6D5-8C74B916021E}.Release|Any CPU.ActiveCfg = Release|Any CPU
		{A5C04EA8-DB47-4914-A6D5-8C74B916021E}.Release|Any CPU.Build.0 = Release|Any CPU
		{5C19AA41-1834-43A5-BDFD-033DD70D005D}.Debug|Any CPU.ActiveCfg = Debug|Any CPU
		{5C19AA41-1834-43A5-BDFD-033DD70D005D}.Debug|Any CPU.Build.0 = Debug|Any CPU
		{5C19AA41-1834-43A5-BDFD-033DD70D005D}.Release|Any CPU.ActiveCfg = Release|Any CPU
		{5C19AA41-1834-43A5-BDFD-033DD70D005D}.Release|Any CPU.Build.0 = Release|Any CPU
		{5202CA36-74CE-4DE4-B2E9-6B1E9AA73BF8}.Debug|Any CPU.ActiveCfg = Debug|Any CPU
		{5202CA36-74CE-4DE4-B2E9-6B1E9AA73BF8}.Debug|Any CPU.Build.0 = Debug|Any CPU
		{5202CA36-74CE-4DE4-B2E9-6B1E9AA73BF8}.Release|Any CPU.ActiveCfg = Release|Any CPU
		{5202CA36-74CE-4DE4-B2E9-6B1E9AA73BF8}.Release|Any CPU.Build.0 = Release|Any CPU
	EndGlobalSection
	GlobalSection(SolutionProperties) = preSolution
		HideSolutionNode = FALSE
	EndGlobalSection
	GlobalSection(NestedProjects) = preSolution
		{33A64838-A235-49B1-A6FA-83FADA7560C8} = {103805BF-53FE-4B72-A236-DFCA36526B6B}
	EndGlobalSection
	GlobalSection(ExtensibilityGlobals) = postSolution
		SolutionGuid = {0A776534-A35A-4A1F-8B3E-A9EDF0C2E8DA}
	EndGlobalSection
EndGlobal
