
Microsoft Visual Studio Solution File, Format Version 12.00
# Visual Studio Version 16
VisualStudioVersion = 16.0.31025.194
MinimumVisualStudioVersion = 10.0.40219.1
Project("{FAE04EC0-301F-11D3-BF4B-00C04F79EFBC}") = "Cerinta1", "Cerinta1\Cerinta1.csproj", "{ECBCBBF5-A11E-40B1-95D6-BBB1A6C74E13}"
EndProject
Global
	GlobalSection(SolutionConfigurationPlatforms) = preSolution
		Debug|Any CPU = Debug|Any CPU
		Release|Any CPU = Release|Any CPU
	EndGlobalSection
	GlobalSection(ProjectConfigurationPlatforms) = postSolution
		{ECBCBBF5-A11E-40B1-95D6-BBB1A6C74E13}.Debug|Any CPU.ActiveCfg = Debug|Any CPU
		{ECBCBBF5-A11E-40B1-95D6-BBB1A6C74E13}.Debug|Any CPU.Build.0 = Debug|Any CPU
		{ECBCBBF5-A11E-40B1-95D6-BBB1A6C74E13}.Release|Any CPU.ActiveCfg = Release|Any CPU
		{ECBCBBF5-A11E-40B1-95D6-BBB1A6C74E13}.Release|Any CPU.Build.0 = Release|Any CPU
	EndGlobalSection
	GlobalSection(SolutionProperties) = preSolution
		HideSolutionNode = FALSE
	EndGlobalSection
	GlobalSection(ExtensibilityGlobals) = postSolution
		SolutionGuid = {0A776534-A35A-4A1F-8B3E-A9EDF0C2E8DA}
	EndGlobalSection
EndGlobal
